
Microsoft Visual Studio Solution File, Format Version 12.00
# Visual Studio 14
VisualStudioVersion = 14.0.25123.0
MinimumVisualStudioVersion = 10.0.40219.1
Project("{FAE04EC0-301F-11D3-BF4B-00C04F79EFBC}") = "Elision.SitemapXml", "Elision.SitemapXml\Elision.SitemapXml.csproj", "{38A53676-3B33-4EA9-8A70-AE21757F3B53}"
EndProject
Project("{FAE04EC0-301F-11D3-BF4B-00C04F79EFBC}") = "Elision.SitemapXml.Tests", "Elision.SitemapXml.Tests\Elision.SitemapXml.Tests.csproj", "{8990E40C-813F-4FAD-B5A8-2CBE0BE8EF18}"
EndProject
Project("{CAA73BB0-EF22-4D79-A57E-DF67B3BA9C80}") = "Elision.SitemapXml.Fixtures", "Elision.SitemapXml.Fixtures\Elision.SitemapXml.Fixtures.scproj", "{920A2C46-7DA7-4471-BC7E-C2A1C44D5803}"
EndProject
Global
	GlobalSection(SolutionConfigurationPlatforms) = preSolution
		Debug|Any CPU = Debug|Any CPU
		Release|Any CPU = Release|Any CPU
	EndGlobalSection
	GlobalSection(ProjectConfigurationPlatforms) = postSolution
		{38A53676-3B33-4EA9-8A70-AE21757F3B53}.Debug|Any CPU.ActiveCfg = Debug|Any CPU
		{38A53676-3B33-4EA9-8A70-AE21757F3B53}.Debug|Any CPU.Build.0 = Debug|Any CPU
		{38A53676-3B33-4EA9-8A70-AE21757F3B53}.Release|Any CPU.ActiveCfg = Release|Any CPU
		{38A53676-3B33-4EA9-8A70-AE21757F3B53}.Release|Any CPU.Build.0 = Release|Any CPU
		{8990E40C-813F-4FAD-B5A8-2CBE0BE8EF18}.Debug|Any CPU.ActiveCfg = Debug|Any CPU
		{8990E40C-813F-4FAD-B5A8-2CBE0BE8EF18}.Debug|Any CPU.Build.0 = Debug|Any CPU
		{8990E40C-813F-4FAD-B5A8-2CBE0BE8EF18}.Release|Any CPU.ActiveCfg = Release|Any CPU
		{8990E40C-813F-4FAD-B5A8-2CBE0BE8EF18}.Release|Any CPU.Build.0 = Release|Any CPU
		{920A2C46-7DA7-4471-BC7E-C2A1C44D5803}.Debug|Any CPU.ActiveCfg = Debug|Any CPU
		{920A2C46-7DA7-4471-BC7E-C2A1C44D5803}.Debug|Any CPU.Build.0 = Debug|Any CPU
		{920A2C46-7DA7-4471-BC7E-C2A1C44D5803}.Debug|Any CPU.Deploy.0 = Debug|Any CPU
		{920A2C46-7DA7-4471-BC7E-C2A1C44D5803}.Release|Any CPU.ActiveCfg = Release|Any CPU
		{920A2C46-7DA7-4471-BC7E-C2A1C44D5803}.Release|Any CPU.Build.0 = Release|Any CPU
		{920A2C46-7DA7-4471-BC7E-C2A1C44D5803}.Release|Any CPU.Deploy.0 = Release|Any CPU
	EndGlobalSection
	GlobalSection(SolutionProperties) = preSolution
		HideSolutionNode = FALSE
	EndGlobalSection
EndGlobal
