
Microsoft Visual Studio Solution File, Format Version 12.00
# Visual Studio 14
VisualStudioVersion = 14.0.25420.1
MinimumVisualStudioVersion = 10.0.40219.1
Project("{FAE04EC0-301F-11D3-BF4B-00C04F79EFBC}") = "Elision.Feature.Library.SitemapXml", "Elision.Feature.Library.SitemapXml\Elision.Feature.Library.SitemapXml.csproj", "{38A53676-3B33-4EA9-8A70-AE21757F3B53}"
EndProject
Project("{CAA73BB0-EF22-4D79-A57E-DF67B3BA9C80}") = "Elision.Feature.Library.SitemapXml.Fixtures", "Elision.Feature.Library.SitemapXml.Fixtures\Elision.Feature.Library.SitemapXml.Fixtures.scproj", "{920A2C46-7DA7-4471-BC7E-C2A1C44D5803}"
EndProject
Project("{2150E333-8FDC-42A3-9474-1A3956D46DE8}") = "Deployment", "Deployment", "{2041DEC8-9B83-4C81-9E14-3CCA6408EE33}"
EndProject
Project("{2150E333-8FDC-42A3-9474-1A3956D46DE8}") = ".tds", ".tds", "{3AE8EF80-12BC-4B9A-A97D-0FEC67F06DBA}"
	ProjectSection(SolutionItems) = preProject
		TdsGlobal.config = TdsGlobal.config
	EndProjectSection
EndProject
Global
	GlobalSection(SolutionConfigurationPlatforms) = preSolution
		Debug|Any CPU = Debug|Any CPU
		Release|Any CPU = Release|Any CPU
	EndGlobalSection
	GlobalSection(ProjectConfigurationPlatforms) = postSolution
		{38A53676-3B33-4EA9-8A70-AE21757F3B53}.Debug|Any CPU.ActiveCfg = Debug|Any CPU
		{38A53676-3B33-4EA9-8A70-AE21757F3B53}.Debug|Any CPU.Build.0 = Debug|Any CPU
		{38A53676-3B33-4EA9-8A70-AE21757F3B53}.Release|Any CPU.ActiveCfg = Release|Any CPU
		{38A53676-3B33-4EA9-8A70-AE21757F3B53}.Release|Any CPU.Build.0 = Release|Any CPU
		{920A2C46-7DA7-4471-BC7E-C2A1C44D5803}.Debug|Any CPU.ActiveCfg = Debug|Any CPU
		{920A2C46-7DA7-4471-BC7E-C2A1C44D5803}.Release|Any CPU.ActiveCfg = Release|Any CPU
		{920A2C46-7DA7-4471-BC7E-C2A1C44D5803}.Release|Any CPU.Build.0 = Release|Any CPU
		{920A2C46-7DA7-4471-BC7E-C2A1C44D5803}.Release|Any CPU.Deploy.0 = Release|Any CPU
	EndGlobalSection
	GlobalSection(SolutionProperties) = preSolution
		HideSolutionNode = FALSE
	EndGlobalSection
	GlobalSection(NestedProjects) = preSolution
		{920A2C46-7DA7-4471-BC7E-C2A1C44D5803} = {2041DEC8-9B83-4C81-9E14-3CCA6408EE33}
	EndGlobalSection
EndGlobal
